# generated by rye
# use `rye lock` or `rye sync` to update this lockfile
#
# last locked with the following flags:
#   pre: false
#   features: []
#   all-features: false
#   with-sources: false
#   generate-hashes: false
#   universal: false

-e file:.
annotated-types==0.7.0
    # via pydantic
anyio==4.4.0
    # via httpx
    # via openai
    # via starlette
    # via watchfiles
av==12.3.0
    # via faster-whisper
black==24.8.0
    # via whisper-server
certifi==2024.7.4
    # via httpcore
    # via httpx
    # via requests
cffi==1.16.0
    # via sounddevice
charset-normalizer==3.3.2
    # via requests
click==8.1.7
    # via black
    # via typer
    # via uvicorn
coloredlogs==15.0.1
    # via onnxruntime
ctranslate2==4.3.1
    # via faster-whisper
distro==1.9.0
    # via openai
dnspython==2.6.1
    # via email-validator
email-validator==2.2.0
    # via fastapi
fastapi==0.111.1
    # via whisper-server
fastapi-cli==0.0.5
    # via fastapi
faster-whisper==1.0.3
    # via whisper-server
filelock==3.15.4
    # via huggingface-hub
flatbuffers==24.3.25
    # via onnxruntime
fsspec==2024.6.1
    # via huggingface-hub
h11==0.14.0
    # via httpcore
    # via uvicorn
httpcore==1.0.5
    # via httpx
httptools==0.6.1
    # via uvicorn
httpx==0.27.0
    # via fastapi
    # via openai
huggingface-hub==0.24.5
    # via faster-whisper
    # via tokenizers
humanfriendly==10.0
    # via coloredlogs
idna==3.7
    # via anyio
    # via email-validator
    # via httpx
    # via requests
isort==5.13.2
    # via whisper-server
jinja2==3.1.4
    # via fastapi
loguru==0.7.2
    # via whisper-server
markdown-it-py==3.0.0
    # via rich
markupsafe==2.1.5
    # via jinja2
mdurl==0.1.2
    # via markdown-it-py
mpmath==1.3.0
    # via sympy
mypy-extensions==1.0.0
    # via black
numpy==1.26.4
    # via ctranslate2
    # via onnxruntime
onnxruntime==1.18.1
    # via faster-whisper
openai==1.39.0
    # via whisper-server
packaging==24.1
    # via black
    # via huggingface-hub
    # via onnxruntime
pathspec==0.12.1
    # via black
platformdirs==4.2.2
    # via black
protobuf==5.27.3
    # via onnxruntime
pycparser==2.22
    # via cffi
pydantic==2.8.2
    # via fastapi
    # via openai
    # via whisper-server
pydantic-core==2.20.1
    # via pydantic
pygments==2.18.0
    # via rich
python-dotenv==1.0.1
    # via uvicorn
python-multipart==0.0.9
    # via fastapi
pyyaml==6.0.1
    # via ctranslate2
    # via huggingface-hub
    # via uvicorn
    # via whisper-server
pyzmq==26.1.0
    # via whisper-server
requests==2.32.3
    # via huggingface-hub
rich==13.7.1
    # via typer
setuptools==72.1.0
    # via ctranslate2
shellingham==1.5.4
    # via typer
sniffio==1.3.1
    # via anyio
    # via httpx
    # via openai
sounddevice==0.4.7
    # via whisper-server
starlette==0.37.2
    # via fastapi
sympy==1.13.1
    # via onnxruntime
tokenizers==0.19.1
    # via faster-whisper
tqdm==4.66.5
    # via huggingface-hub
    # via openai
typer==0.12.3
    # via fastapi-cli
    # via whisper-server
typing-extensions==4.12.2
    # via fastapi
    # via huggingface-hub
    # via openai
    # via pydantic
    # via pydantic-core
    # via typer
urllib3==2.2.2
    # via requests
uvicorn==0.30.5
    # via fastapi
    # via fastapi-cli
uvloop==0.19.0
    # via uvicorn
watchfiles==0.22.0
    # via uvicorn
webrtcvad==2.0.10
    # via whisper-server
websockets==12.0
    # via uvicorn
